// !$*UTF8*$!
{
	archiveVersion = 1;
	classes = {
	};
	objectVersion = 46;
	objects = {

/* Begin PBXBuildFile section */
		03287F7B1C8ECFB400C5B9E8 /* main.m in Sources */ = {isa = PBXBuildFile; fileRef = 03287F7A1C8ECFB400C5B9E8 /* main.m */; };
		03287F7E1C8ECFB400C5B9E8 /* AppDelegate.m in Sources */ = {isa = PBXBuildFile; fileRef = 03287F7D1C8ECFB400C5B9E8 /* AppDelegate.m */; };
		03287F811C8ECFB400C5B9E8 /* ViewController.m in Sources */ = {isa = PBXBuildFile; fileRef = 03287F801C8ECFB400C5B9E8 /* ViewController.m */; };
		03287F841C8ECFB400C5B9E8 /* Main.storyboard in Resources */ = {isa = PBXBuildFile; fileRef = 03287F821C8ECFB400C5B9E8 /* Main.storyboard */; };
		03287F861C8ECFB400C5B9E8 /* Images.xcassets in Resources */ = {isa = PBXBuildFile; fileRef = 03287F851C8ECFB400C5B9E8 /* Images.xcassets */; };
		03287F891C8ECFB400C5B9E8 /* LaunchScreen.xib in Resources */ = {isa = PBXBuildFile; fileRef = 03287F871C8ECFB400C5B9E8 /* LaunchScreen.xib */; };
		03287F951C8ECFB400C5B9E8 /* ____Tests.m in Sources */ = {isa = PBXBuildFile; fileRef = 03287F941C8ECFB400C5B9E8 /* ____Tests.m */; };
		03287FA01C8ED1BD00C5B9E8 /* XBLoginController.m in Sources */ = {isa = PBXBuildFile; fileRef = 03287F9F1C8ED1BD00C5B9E8 /* XBLoginController.m */; };
/* End PBXBuildFile section */

/* Begin PBXContainerItemProxy section */
		03287F8F1C8ECFB400C5B9E8 /* PBXContainerItemProxy */ = {
			isa = PBXContainerItemProxy;
			containerPortal = 03287F6D1C8ECFB400C5B9E8 /* Project object */;
			proxyType = 1;
			remoteGlobalIDString = 03287F741C8ECFB400C5B9E8;
			remoteInfo = "拉钩一下";
		};
/* End PBXContainerItemProxy section */

/* Begin PBXFileReference section */
		03287F751C8ECFB400C5B9E8 /* 拉钩一下.app */ = {isa = PBXFileReference; explicitFileType = wrapper.application; includeInIndex = 0; path = "拉钩一下.app"; sourceTree = BUILT_PRODUCTS_DIR; };
		03287F791C8ECFB400C5B9E8 /* Info.plist */ = {isa = PBXFileReference; lastKnownFileType = text.plist.xml; path = Info.plist; sourceTree = "<group>"; };
		03287F7A1C8ECFB400C5B9E8 /* main.m */ = {isa = PBXFileReference; lastKnownFileType = sourcecode.c.objc; path = main.m; sourceTree = "<group>"; };
		03287F7C1C8ECFB400C5B9E8 /* AppDelegate.h */ = {isa = PBXFileReference; lastKnownFileType = sourcecode.c.h; path = AppDelegate.h; sourceTree = "<group>"; };
		03287F7D1C8ECFB400C5B9E8 /* AppDelegate.m */ = {isa = PBXFileReference; lastKnownFileType = sourcecode.c.objc; path = AppDelegate.m; sourceTree = "<group>"; };
		03287F7F1C8ECFB400C5B9E8 /* ViewController.h */ = {isa = PBXFileReference; lastKnownFileType = sourcecode.c.h; path = ViewController.h; sourceTree = "<group>"; };
		03287F801C8ECFB400C5B9E8 /* ViewController.m */ = {isa = PBXFileReference; lastKnownFileType = sourcecode.c.objc; path = ViewController.m; sourceTree = "<group>"; };
		03287F831C8ECFB400C5B9E8 /* Base */ = {isa = PBXFileReference; lastKnownFileType = file.storyboard; name = Base; path = Base.lproj/Main.storyboard; sourceTree = "<group>"; };
		03287F851C8ECFB400C5B9E8 /* Images.xcassets */ = {isa = PBXFileReference; lastKnownFileType = folder.assetcatalog; path = Images.xcassets; sourceTree = "<group>"; };
		03287F881C8ECFB400C5B9E8 /* Base */ = {isa = PBXFileReference; lastKnownFileType = file.xib; name = Base; path = Base.lproj/LaunchScreen.xib; sourceTree = "<group>"; };
		03287F8E1C8ECFB400C5B9E8 /* 拉钩一下Tests.xctest */ = {isa = PBXFileReference; explicitFileType = wrapper.cfbundle; includeInIndex = 0; path = "拉钩一下Tests.xctest"; sourceTree = BUILT_PRODUCTS_DIR; };
		03287F931C8ECFB400C5B9E8 /* Info.plist */ = {isa = PBXFileReference; lastKnownFileType = text.plist.xml; path = Info.plist; sourceTree = "<group>"; };
		03287F941C8ECFB400C5B9E8 /* ____Tests.m */ = {isa = PBXFileReference; lastKnownFileType = sourcecode.c.objc; path = "____Tests.m"; sourceTree = "<group>"; };
		03287F9E1C8ED1BD00C5B9E8 /* XBLoginController.h */ = {isa = PBXFileReference; fileEncoding = 4; lastKnownFileType = sourcecode.c.h; path = XBLoginController.h; sourceTree = "<group>"; };
		03287F9F1C8ED1BD00C5B9E8 /* XBLoginController.m */ = {isa = PBXFileReference; fileEncoding = 4; lastKnownFileType = sourcecode.c.objc; path = XBLoginController.m; sourceTree = "<group>"; };
/* End PBXFileReference section */

/* Begin PBXFrameworksBuildPhase section */
		03287F721C8ECFB400C5B9E8 /* Frameworks */ = {
			isa = PBXFrameworksBuildPhase;
			buildActionMask = 2147483647;
			files = (
			);
			runOnlyForDeploymentPostprocessing = 0;
		};
		03287F8B1C8ECFB400C5B9E8 /* Frameworks */ = {
			isa = PBXFrameworksBuildPhase;
			buildActionMask = 2147483647;
			files = (
			);
			runOnlyForDeploymentPostprocessing = 0;
		};
/* End PBXFrameworksBuildPhase section */

/* Begin PBXGroup section */
		03287F6C1C8ECFB400C5B9E8 = {
			isa = PBXGroup;
			children = (
				03287F771C8ECFB400C5B9E8 /* 拉钩一下 */,
				03287F911C8ECFB400C5B9E8 /* 拉钩一下Tests */,
				03287F761C8ECFB400C5B9E8 /* Products */,
			);
			sourceTree = "<group>";
		};
		03287F761C8ECFB400C5B9E8 /* Products */ = {
			isa = PBXGroup;
			children = (
				03287F751C8ECFB400C5B9E8 /* 拉钩一下.app */,
				03287F8E1C8ECFB400C5B9E8 /* 拉钩一下Tests.xctest */,
			);
			name = Products;
			sourceTree = "<group>";
		};
		03287F771C8ECFB400C5B9E8 /* 拉钩一下 */ = {
			isa = PBXGroup;
			children = (
				03287F9E1C8ED1BD00C5B9E8 /* XBLoginController.h */,
				03287F9F1C8ED1BD00C5B9E8 /* XBLoginController.m */,
				03287F7C1C8ECFB400C5B9E8 /* AppDelegate.h */,
				03287F7D1C8ECFB400C5B9E8 /* AppDelegate.m */,
				03287F7F1C8ECFB400C5B9E8 /* ViewController.h */,
				03287F801C8ECFB400C5B9E8 /* ViewController.m */,
				03287F821C8ECFB400C5B9E8 /* Main.storyboard */,
				03287F851C8ECFB400C5B9E8 /* Images.xcassets */,
				03287F871C8ECFB400C5B9E8 /* LaunchScreen.xib */,
				03287F781C8ECFB400C5B9E8 /* Supporting Files */,
			);
			path = "拉钩一下";
			sourceTree = "<group>";
		};
		03287F781C8ECFB400C5B9E8 /* Supporting Files */ = {
			isa = PBXGroup;
			children = (
				03287F791C8ECFB400C5B9E8 /* Info.plist */,
				03287F7A1C8ECFB400C5B9E8 /* main.m */,
			);
			name = "Supporting Files";
			sourceTree = "<group>";
		};
		03287F911C8ECFB400C5B9E8 /* 拉钩一下Tests */ = {
			isa = PBXGroup;
			children = (
				03287F941C8ECFB400C5B9E8 /* ____Tests.m */,
				03287F921C8ECFB400C5B9E8 /* Supporting Files */,
			);
			path = "拉钩一下Tests";
			sourceTree = "<group>";
		};
		03287F921C8ECFB400C5B9E8 /* Supporting Files */ = {
			isa = PBXGroup;
			children = (
				03287F931C8ECFB400C5B9E8 /* Info.plist */,
			);
			name = "Supporting Files";
			sourceTree = "<group>";
		};
/* End PBXGroup section */

/* Begin PBXNativeTarget section */
		03287F741C8ECFB400C5B9E8 /* 拉钩一下 */ = {
			isa = PBXNativeTarget;
			buildConfigurationList = 03287F981C8ECFB400C5B9E8 /* Build configuration list for PBXNativeTarget "拉钩一下" */;
			buildPhases = (
				03287F711C8ECFB400C5B9E8 /* Sources */,
				03287F721C8ECFB400C5B9E8 /* Frameworks */,
				03287F731C8ECFB400C5B9E8 /* Resources */,
			);
			buildRules = (
			);
			dependencies = (
			);
			name = "拉钩一下";
			productName = "拉钩一下";
			productReference = 03287F751C8ECFB400C5B9E8 /* 拉钩一下.app */;
			productType = "com.apple.product-type.application";
		};
		03287F8D1C8ECFB400C5B9E8 /* 拉钩一下Tests */ = {
			isa = PBXNativeTarget;
			buildConfigurationList = 03287F9B1C8ECFB400C5B9E8 /* Build configuration list for PBXNativeTarget "拉钩一下Tests" */;
			buildPhases = (
				03287F8A1C8ECFB400C5B9E8 /* Sources */,
				03287F8B1C8ECFB400C5B9E8 /* Frameworks */,
				03287F8C1C8ECFB400C5B9E8 /* Resources */,
			);
			buildRules = (
			);
			dependencies = (
				03287F901C8ECFB400C5B9E8 /* PBXTargetDependency */,
			);
			name = "拉钩一下Tests";
			productName = "拉钩一下Tests";
			productReference = 03287F8E1C8ECFB400C5B9E8 /* 拉钩一下Tests.xctest */;
			productType = "com.apple.product-type.bundle.unit-test";
		};
/* End PBXNativeTarget section */

/* Begin PBXProject section */
		03287F6D1C8ECFB400C5B9E8 /* Project object */ = {
			isa = PBXProject;
			attributes = {
				CLASSPREFIX = XB;
				LastUpgradeCheck = 0640;
				ORGANIZATIONNAME = "小白";
				TargetAttributes = {
					03287F741C8ECFB400C5B9E8 = {
						CreatedOnToolsVersion = 6.4;
					};
					03287F8D1C8ECFB400C5B9E8 = {
						CreatedOnToolsVersion = 6.4;
						TestTargetID = 03287F741C8ECFB400C5B9E8;
					};
				};
			};
			buildConfigurationList = 03287F701C8ECFB400C5B9E8 /* Build configuration list for PBXProject "拉钩一下" */;
			compatibilityVersion = "Xcode 3.2";
			developmentRegion = English;
			hasScannedForEncodings = 0;
			knownRegions = (
				en,
				Base,
			);
			mainGroup = 03287F6C1C8ECFB400C5B9E8;
			productRefGroup = 03287F761C8ECFB400C5B9E8 /* Products */;
			projectDirPath = "";
			projectRoot = "";
			targets = (
				03287F741C8ECFB400C5B9E8 /* 拉钩一下 */,
				03287F8D1C8ECFB400C5B9E8 /* 拉钩一下Tests */,
			);
		};
/* End PBXProject section */

/* Begin PBXResourcesBuildPhase section */
		03287F731C8ECFB400C5B9E8 /* Resources */ = {
			isa = PBXResourcesBuildPhase;
			buildActionMask = 2147483647;
			files = (
				03287F841C8ECFB400C5B9E8 /* Main.storyboard in Resources */,
				03287F891C8ECFB400C5B9E8 /* LaunchScreen.xib in Resources */,
				03287F861C8ECFB400C5B9E8 /* Images.xcassets in Resources */,
			);
			runOnlyForDeploymentPostprocessing = 0;
		};
		03287F8C1C8ECFB400C5B9E8 /* Resources */ = {
			isa = PBXResourcesBuildPhase;
			buildActionMask = 2147483647;
			files = (
			);
			runOnlyForDeploymentPostprocessing = 0;
		};
/* End PBXResourcesBuildPhase section */

/* Begin PBXSourcesBuildPhase section */
		03287F711C8ECFB400C5B9E8 /* Sources */ = {
			isa = PBXSourcesBuildPhase;
			buildActionMask = 2147483647;
			files = (
				03287F811C8ECFB400C5B9E8 /* ViewController.m in Sources */,
				03287FA01C8ED1BD00C5B9E8 /* XBLoginController.m in Sources */,
				03287F7E1C8ECFB400C5B9E8 /* AppDelegate.m in Sources */,
				03287F7B1C8ECFB400C5B9E8 /* main.m in Sources */,
			);
			runOnlyForDeploymentPostprocessing = 0;
		};
		03287F8A1C8ECFB400C5B9E8 /* Sources */ = {
			isa = PBXSourcesBuildPhase;
			buildActionMask = 2147483647;
			files = (
				03287F951C8ECFB400C5B9E8 /* ____Tests.m in Sources */,
			);
			runOnlyForDeploymentPostprocessing = 0;
		};
/* End PBXSourcesBuildPhase section */

/* Begin PBXTargetDependency section */
		03287F901C8ECFB400C5B9E8 /* PBXTargetDependency */ = {
			isa = PBXTargetDependency;
			target = 03287F741C8ECFB400C5B9E8 /* 拉钩一下 */;
			targetProxy = 03287F8F1C8ECFB400C5B9E8 /* PBXContainerItemProxy */;
		};
/* End PBXTargetDependency section */

/* Begin PBXVariantGroup section */
		03287F821C8ECFB400C5B9E8 /* Main.storyboard */ = {
			isa = PBXVariantGroup;
			children = (
				03287F831C8ECFB400C5B9E8 /* Base */,
			);
			name = Main.storyboard;
			sourceTree = "<group>";
		};
		03287F871C8ECFB400C5B9E8 /* LaunchScreen.xib */ = {
			isa = PBXVariantGroup;
			children = (
				03287F881C8ECFB400C5B9E8 /* Base */,
			);
			name = LaunchScreen.xib;
			sourceTree = "<group>";
		};
/* End PBXVariantGroup section */

/* Begin XCBuildConfiguration section */
		03287F961C8ECFB400C5B9E8 /* Debug */ = {
			isa = XCBuildConfiguration;
			buildSettings = {
				ALWAYS_SEARCH_USER_PATHS = NO;
				CLANG_CXX_LANGUAGE_STANDARD = "gnu++0x";
				CLANG_CXX_LIBRARY = "libc++";
				CLANG_ENABLE_MODULES = YES;
				CLANG_ENABLE_OBJC_ARC = YES;
				CLANG_WARN_BOOL_CONVERSION = YES;
				CLANG_WARN_CONSTANT_CONVERSION = YES;
				CLANG_WARN_DIRECT_OBJC_ISA_USAGE = YES_ERROR;
				CLANG_WARN_EMPTY_BODY = YES;
				CLANG_WARN_ENUM_CONVERSION = YES;
				CLANG_WARN_INT_CONVERSION = YES;
				CLANG_WARN_OBJC_ROOT_CLASS = YES_ERROR;
				CLANG_WARN_UNREACHABLE_CODE = YES;
				CLANG_WARN__DUPLICATE_METHOD_MATCH = YES;
				"CODE_SIGN_IDENTITY[sdk=iphoneos*]" = "iPhone Developer";
				COPY_PHASE_STRIP = NO;
				DEBUG_INFORMATION_FORMAT = "dwarf-with-dsym";
				ENABLE_STRICT_OBJC_MSGSEND = YES;
				GCC_C_LANGUAGE_STANDARD = gnu99;
				GCC_DYNAMIC_NO_PIC = NO;
				GCC_NO_COMMON_BLOCKS = YES;
				GCC_OPTIMIZATION_LEVEL = 0;
				GCC_PREPROCESSOR_DEFINITIONS = (
					"DEBUG=1",
					"$(inherited)",
				);
				GCC_SYMBOLS_PRIVATE_EXTERN = NO;
				GCC_WARN_64_TO_32_BIT_CONVERSION = YES;
				GCC_WARN_ABOUT_RETURN_TYPE = YES_ERROR;
				GCC_WARN_UNDECLARED_SELECTOR = YES;
				GCC_WARN_UNINITIALIZED_AUTOS = YES_AGGRESSIVE;
				GCC_WARN_UNUSED_FUNCTION = YES;
				GCC_WARN_UNUSED_VARIABLE = YES;
				IPHONEOS_DEPLOYMENT_TARGET = 8.4;
				MTL_ENABLE_DEBUG_INFO = YES;
				ONLY_ACTIVE_ARCH = YES;
				SDKROOT = iphoneos;
			};
			name = Debug;
		};
		03287F971C8ECFB400C5B9E8 /* Release */ = {
			isa = XCBuildConfiguration;
			buildSettings = {
				ALWAYS_SEARCH_USER_PATHS = NO;
				CLANG_CXX_LANGUAGE_STANDARD = "gnu++0x";
				CLANG_CXX_LIBRARY = "libc++";
				CLANG_ENABLE_MODULES = YES;
				CLANG_ENABLE_OBJC_ARC = YES;
				CLANG_WARN_BOOL_CONVERSION = YES;
				CLANG_WARN_CONSTANT_CONVERSION = YES;
				CLANG_WARN_DIRECT_OBJC_ISA_USAGE = YES_ERROR;
				CLANG_WARN_EMPTY_BODY = YES;
				CLANG_WARN_ENUM_CONVERSION = YES;
				CLANG_WARN_INT_CONVERSION = YES;
				CLANG_WARN_OBJC_ROOT_CLASS = YES_ERROR;
				CLANG_WARN_UNREACHABLE_CODE = YES;
				CLANG_WARN__DUPLICATE_METHOD_MATCH = YES;
				"CODE_SIGN_IDENTITY[sdk=iphoneos*]" = "iPhone Developer";
				COPY_PHASE_STRIP = NO;
				DEBUG_INFORMATION_FORMAT = "dwarf-with-dsym";
				ENABLE_NS_ASSERTIONS = NO;
				ENABLE_STRICT_OBJC_MSGSEND = YES;
				GCC_C_LANGUAGE_STANDARD = gnu99;
				GCC_NO_COMMON_BLOCKS = YES;
				GCC_WARN_64_TO_32_BIT_CONVERSION = YES;
				GCC_WARN_ABOUT_RETURN_TYPE = YES_ERROR;
				GCC_WARN_UNDECLARED_SELECTOR = YES;
				GCC_WARN_UNINITIALIZED_AUTOS = YES_AGGRESSIVE;
				GCC_WARN_UNUSED_FUNCTION = YES;
				GCC_WARN_UNUSED_VARIABLE = YES;
				IPHONEOS_DEPLOYMENT_TARGET = 8.4;
				MTL_ENABLE_DEBUG_INFO = NO;
				SDKROOT = iphoneos;
				VALIDATE_PRODUCT = YES;
			};
			name = Release;
		};
		03287F991C8ECFB400C5B9E8 /* Debug */ = {
			isa = XCBuildConfiguration;
			buildSettings = {
				ASSETCATALOG_COMPILER_APPICON_NAME = AppIcon;
				INFOPLIST_FILE = "拉钩一下/Info.plist";
				LD_RUNPATH_SEARCH_PATHS = "$(inherited) @executable_path/Frameworks";
				PRODUCT_NAME = "$(TARGET_NAME)";
			};
			name = Debug;
		};
		03287F9A1C8ECFB400C5B9E8 /* Release */ = {
			isa = XCBuildConfiguration;
			buildSettings = {
				ASSETCATALOG_COMPILER_APPICON_NAME = AppIcon;
				INFOPLIST_FILE = "拉钩一下/Info.plist";
				LD_RUNPATH_SEARCH_PATHS = "$(inherited) @executable_path/Frameworks";
				PRODUCT_NAME = "$(TARGET_NAME)";
			};
			name = Release;
		};
		03287F9C1C8ECFB400C5B9E8 /* Debug */ = {
			isa = XCBuildConfiguration;
			buildSettings = {
				BUNDLE_LOADER = "$(TEST_HOST)";
				FRAMEWORK_SEARCH_PATHS = (
					"$(SDKROOT)/Developer/Library/Frameworks",
					"$(inherited)",
				);
				GCC_PREPROCESSOR_DEFINITIONS = (
					"DEBUG=1",
					"$(inherited)",
				);
				INFOPLIST_FILE = "拉钩一下Tests/Info.plist";
				LD_RUNPATH_SEARCH_PATHS = "$(inherited) @executable_path/Frameworks @loader_path/Frameworks";
				PRODUCT_NAME = "$(TARGET_NAME)";
				TEST_HOST = "$(BUILT_PRODUCTS_DIR)/拉钩一下.app/拉钩一下";
			};
			name = Debug;
		};
		03287F9D1C8ECFB400C5B9E8 /* Release */ = {
			isa = XCBuildConfiguration;
			buildSettings = {
				BUNDLE_LOADER = "$(TEST_HOST)";
				FRAMEWORK_SEARCH_PATHS = (
					"$(SDKROOT)/Developer/Library/Frameworks",
					"$(inherited)",
				);
				INFOPLIST_FILE = "拉钩一下Tests/Info.plist";
				LD_RUNPATH_SEARCH_PATHS = "$(inherited) @executable_path/Frameworks @loader_path/Frameworks";
				PRODUCT_NAME = "$(TARGET_NAME)";
				TEST_HOST = "$(BUILT_PRODUCTS_DIR)/拉钩一下.app/拉钩一下";
			};
			name = Release;
		};
/* End XCBuildConfiguration section */

/* Begin XCConfigurationList section */
		03287F701C8ECFB400C5B9E8 /* Build configuration list for PBXProject "拉钩一下" */ = {
			isa = XCConfigurationList;
			buildConfigurations = (
				03287F961C8ECFB400C5B9E8 /* Debug */,
				03287F971C8ECFB400C5B9E8 /* Release */,
			);
			defaultConfigurationIsVisible = 0;
			defaultConfigurationName = Release;
		};
		03287F981C8ECFB400C5B9E8 /* Build configuration list for PBXNativeTarget "拉钩一下" */ = {
			isa = XCConfigurationList;
			buildConfigurations = (
				03287F991C8ECFB400C5B9E8 /* Debug */,
				03287F9A1C8ECFB400C5B9E8 /* Release */,
			);
			defaultConfigurationIsVisible = 0;
		};
		03287F9B1C8ECFB400C5B9E8 /* Build configuration list for PBXNativeTarget "拉钩一下Tests" */ = {
			isa = XCConfigurationList;
			buildConfigurations = (
				03287F9C1C8ECFB400C5B9E8 /* Debug */,
				03287F9D1C8ECFB400C5B9E8 /* Release */,
			);
			defaultConfigurationIsVisible = 0;
		};
/* End XCConfigurationList section */
	};
	rootObject = 03287F6D1C8ECFB400C5B9E8 /* Project object */;
}
